
Microsoft Visual Studio Solution File, Format Version 12.00
# Visual Studio Version 17
VisualStudioVersion = 17.0.31912.275
MinimumVisualStudioVersion = 10.0.40219.1
Project("{FAE04EC0-301F-11D3-BF4B-00C04F79EFBC}") = "GlobalUsings", "GlobalUsings\GlobalUsings.csproj", "{040427D8-7D78-4890-8A8F-36685FD4E6C4}"
EndProject
Global
	GlobalSection(SolutionConfigurationPlatforms) = preSolution
		Debug|Any CPU = Debug|Any CPU
		Release|Any CPU = Release|Any CPU
	EndGlobalSection
	GlobalSection(ProjectConfigurationPlatforms) = postSolution
		{040427D8-7D78-4890-8A8F-36685FD4E6C4}.Debug|Any CPU.ActiveCfg = Debug|Any CPU
		{040427D8-7D78-4890-8A8F-36685FD4E6C4}.Debug|Any CPU.Build.0 = Debug|Any CPU
		{040427D8-7D78-4890-8A8F-36685FD4E6C4}.Release|Any CPU.ActiveCfg = Release|Any CPU
		{040427D8-7D78-4890-8A8F-36685FD4E6C4}.Release|Any CPU.Build.0 = Release|Any CPU
	EndGlobalSection
	GlobalSection(SolutionProperties) = preSolution
		HideSolutionNode = FALSE
	EndGlobalSection
	GlobalSection(ExtensibilityGlobals) = postSolution
		SolutionGuid = {1914716F-3AB0-41BE-9B16-B95EB6E1B5C5}
	EndGlobalSection
EndGlobal
